
Microsoft Visual Studio Solution File, Format Version 12.00
# Visual Studio Version 17
VisualStudioVersion = 17.11.35208.52
MinimumVisualStudioVersion = 10.0.40219.1
Project("{FAE04EC0-301F-11D3-BF4B-00C04F79EFBC}") = "MLvolumenP2", "MLvolumenP2.csproj", "{FD8B4D39-38A5-4631-8131-205FA7F24A2D}"
EndProject
Global
	GlobalSection(SolutionConfigurationPlatforms) = preSolution
		Debug|Any CPU = Debug|Any CPU
		Release|Any CPU = Release|Any CPU
	EndGlobalSection
	GlobalSection(ProjectConfigurationPlatforms) = postSolution
		{FD8B4D39-38A5-4631-8131-205FA7F24A2D}.Debug|Any CPU.ActiveCfg = Debug|Any CPU
		{FD8B4D39-38A5-4631-8131-205FA7F24A2D}.Debug|Any CPU.Build.0 = Debug|Any CPU
		{FD8B4D39-38A5-4631-8131-205FA7F24A2D}.Debug|Any CPU.Deploy.0 = Debug|Any CPU
		{FD8B4D39-38A5-4631-8131-205FA7F24A2D}.Release|Any CPU.ActiveCfg = Release|Any CPU
		{FD8B4D39-38A5-4631-8131-205FA7F24A2D}.Release|Any CPU.Build.0 = Release|Any CPU
		{FD8B4D39-38A5-4631-8131-205FA7F24A2D}.Release|Any CPU.Deploy.0 = Release|Any CPU
	EndGlobalSection
	GlobalSection(SolutionProperties) = preSolution
		HideSolutionNode = FALSE
	EndGlobalSection
	GlobalSection(ExtensibilityGlobals) = postSolution
		SolutionGuid = {734F950A-62BD-4FD9-831C-823A7279D54E}
	EndGlobalSection
EndGlobal
